
Microsoft Visual Studio Solution File, Format Version 12.00
# Visual Studio Version 16
VisualStudioVersion = 16.0.29009.5
MinimumVisualStudioVersion = 10.0.40219.1
Project("{8BC9CEB8-8B4A-11D0-8D11-00A0C91BC942}") = "13.1", "13.1\13.1.vcxproj", "{097EB85B-32AA-400E-A6AF-F9825280D17D}"
EndProject
Project("{8BC9CEB8-8B4A-11D0-8D11-00A0C91BC942}") = "13.2", "13.2\13.2.vcxproj", "{D0CEB2CE-175E-4520-AA40-BD9E9422B949}"
EndProject
Project("{8BC9CEB8-8B4A-11D0-8D11-00A0C91BC942}") = "13.3", "13.3\13.3.vcxproj", "{192F7EE5-55F7-40E5-8C1D-AA2DB3C6667A}"
EndProject
Project("{8BC9CEB8-8B4A-11D0-8D11-00A0C91BC942}") = "13.4", "13.4\13.4.vcxproj", "{03A38CC2-73BD-4387-B73B-BBF9FDF74BF3}"
EndProject
Project("{8BC9CEB8-8B4A-11D0-8D11-00A0C91BC942}") = "13.5", "13.5\13.5.vcxproj", "{7CDDB9D4-2CD0-440D-AFFF-A7C491808CC7}"
EndProject
Project("{8BC9CEB8-8B4A-11D0-8D11-00A0C91BC942}") = "13.6", "13.6\13.6.vcxproj", "{BE505927-3384-48DE-AD27-8BE658A69668}"
EndProject
Project("{8BC9CEB8-8B4A-11D0-8D11-00A0C91BC942}") = "13.7", "13.7\13.7.vcxproj", "{FCB68A46-AF13-458E-BD85-81A8FEFF057E}"
EndProject
Project("{8BC9CEB8-8B4A-11D0-8D11-00A0C91BC942}") = "13.8", "13.8\13.8.vcxproj", "{3E1F25D3-C861-45D8-83C0-C6258AA8407B}"
EndProject
Global
	GlobalSection(SolutionConfigurationPlatforms) = preSolution
		Debug|x64 = Debug|x64
		Debug|x86 = Debug|x86
		Release|x64 = Release|x64
		Release|x86 = Release|x86
	EndGlobalSection
	GlobalSection(ProjectConfigurationPlatforms) = postSolution
		{097EB85B-32AA-400E-A6AF-F9825280D17D}.Debug|x64.ActiveCfg = Debug|x64
		{097EB85B-32AA-400E-A6AF-F9825280D17D}.Debug|x64.Build.0 = Debug|x64
		{097EB85B-32AA-400E-A6AF-F9825280D17D}.Debug|x86.ActiveCfg = Debug|Win32
		{097EB85B-32AA-400E-A6AF-F9825280D17D}.Debug|x86.Build.0 = Debug|Win32
		{097EB85B-32AA-400E-A6AF-F9825280D17D}.Release|x64.ActiveCfg = Release|x64
		{097EB85B-32AA-400E-A6AF-F9825280D17D}.Release|x64.Build.0 = Release|x64
		{097EB85B-32AA-400E-A6AF-F9825280D17D}.Release|x86.ActiveCfg = Release|Win32
		{097EB85B-32AA-400E-A6AF-F9825280D17D}.Release|x86.Build.0 = Release|Win32
		{D0CEB2CE-175E-4520-AA40-BD9E9422B949}.Debug|x64.ActiveCfg = Debug|x64
		{D0CEB2CE-175E-4520-AA40-BD9E9422B949}.Debug|x64.Build.0 = Debug|x64
		{D0CEB2CE-175E-4520-AA40-BD9E9422B949}.Debug|x86.ActiveCfg = Debug|Win32
		{D0CEB2CE-175E-4520-AA40-BD9E9422B949}.Debug|x86.Build.0 = Debug|Win32
		{D0CEB2CE-175E-4520-AA40-BD9E9422B949}.Release|x64.ActiveCfg = Release|x64
		{D0CEB2CE-175E-4520-AA40-BD9E9422B949}.Release|x64.Build.0 = Release|x64
		{D0CEB2CE-175E-4520-AA40-BD9E9422B949}.Release|x86.ActiveCfg = Release|Win32
		{D0CEB2CE-175E-4520-AA40-BD9E9422B949}.Release|x86.Build.0 = Release|Win32
		{192F7EE5-55F7-40E5-8C1D-AA2DB3C6667A}.Debug|x64.ActiveCfg = Debug|x64
		{192F7EE5-55F7-40E5-8C1D-AA2DB3C6667A}.Debug|x64.Build.0 = Debug|x64
		{192F7EE5-55F7-40E5-8C1D-AA2DB3C6667A}.Debug|x86.ActiveCfg = Debug|Win32
		{192F7EE5-55F7-40E5-8C1D-AA2DB3C6667A}.Debug|x86.Build.0 = Debug|Win32
		{192F7EE5-55F7-40E5-8C1D-AA2DB3C6667A}.Release|x64.ActiveCfg = Release|x64
		{192F7EE5-55F7-40E5-8C1D-AA2DB3C6667A}.Release|x64.Build.0 = Release|x64
		{192F7EE5-55F7-40E5-8C1D-AA2DB3C6667A}.Release|x86.ActiveCfg = Release|Win32
		{192F7EE5-55F7-40E5-8C1D-AA2DB3C6667A}.Release|x86.Build.0 = Release|Win32
		{03A38CC2-73BD-4387-B73B-BBF9FDF74BF3}.Debug|x64.ActiveCfg = Debug|x64
		{03A38CC2-73BD-4387-B73B-BBF9FDF74BF3}.Debug|x64.Build.0 = Debug|x64
		{03A38CC2-73BD-4387-B73B-BBF9FDF74BF3}.Debug|x86.ActiveCfg = Debug|Win32
		{03A38CC2-73BD-4387-B73B-BBF9FDF74BF3}.Debug|x86.Build.0 = Debug|Win32
		{03A38CC2-73BD-4387-B73B-BBF9FDF74BF3}.Release|x64.ActiveCfg = Release|x64
		{03A38CC2-73BD-4387-B73B-BBF9FDF74BF3}.Release|x64.Build.0 = Release|x64
		{03A38CC2-73BD-4387-B73B-BBF9FDF74BF3}.Release|x86.ActiveCfg = Release|Win32
		{03A38CC2-73BD-4387-B73B-BBF9FDF74BF3}.Release|x86.Build.0 = Release|Win32
		{7CDDB9D4-2CD0-440D-AFFF-A7C491808CC7}.Debug|x64.ActiveCfg = Debug|x64
		{7CDDB9D4-2CD0-440D-AFFF-A7C491808CC7}.Debug|x64.Build.0 = Debug|x64
		{7CDDB9D4-2CD0-440D-AFFF-A7C491808CC7}.Debug|x86.ActiveCfg = Debug|Win32
		{7CDDB9D4-2CD0-440D-AFFF-A7C491808CC7}.Debug|x86.Build.0 = Debug|Win32
		{7CDDB9D4-2CD0-440D-AFFF-A7C491808CC7}.Release|x64.ActiveCfg = Release|x64
		{7CDDB9D4-2CD0-440D-AFFF-A7C491808CC7}.Release|x64.Build.0 = Release|x64
		{7CDDB9D4-2CD0-440D-AFFF-A7C491808CC7}.Release|x86.ActiveCfg = Release|Win32
		{7CDDB9D4-2CD0-440D-AFFF-A7C491808CC7}.Release|x86.Build.0 = Release|Win32
		{BE505927-3384-48DE-AD27-8BE658A69668}.Debug|x64.ActiveCfg = Debug|x64
		{BE505927-3384-48DE-AD27-8BE658A69668}.Debug|x64.Build.0 = Debug|x64
		{BE505927-3384-48DE-AD27-8BE658A69668}.Debug|x86.ActiveCfg = Debug|Win32
		{BE505927-3384-48DE-AD27-8BE658A69668}.Debug|x86.Build.0 = Debug|Win32
		{BE505927-3384-48DE-AD27-8BE658A69668}.Release|x64.ActiveCfg = Release|x64
		{BE505927-3384-48DE-AD27-8BE658A69668}.Release|x64.Build.0 = Release|x64
		{BE505927-3384-48DE-AD27-8BE658A69668}.Release|x86.ActiveCfg = Release|Win32
		{BE505927-3384-48DE-AD27-8BE658A69668}.Release|x86.Build.0 = Release|Win32
		{FCB68A46-AF13-458E-BD85-81A8FEFF057E}.Debug|x64.ActiveCfg = Debug|x64
		{FCB68A46-AF13-458E-BD85-81A8FEFF057E}.Debug|x64.Build.0 = Debug|x64
		{FCB68A46-AF13-458E-BD85-81A8FEFF057E}.Debug|x86.ActiveCfg = Debug|Win32
		{FCB68A46-AF13-458E-BD85-81A8FEFF057E}.Debug|x86.Build.0 = Debug|Win32
		{FCB68A46-AF13-458E-BD85-81A8FEFF057E}.Release|x64.ActiveCfg = Release|x64
		{FCB68A46-AF13-458E-BD85-81A8FEFF057E}.Release|x64.Build.0 = Release|x64
		{FCB68A46-AF13-458E-BD85-81A8FEFF057E}.Release|x86.ActiveCfg = Release|Win32
		{FCB68A46-AF13-458E-BD85-81A8FEFF057E}.Release|x86.Build.0 = Release|Win32
		{3E1F25D3-C861-45D8-83C0-C6258AA8407B}.Debug|x64.ActiveCfg = Debug|x64
		{3E1F25D3-C861-45D8-83C0-C6258AA8407B}.Debug|x64.Build.0 = Debug|x64
		{3E1F25D3-C861-45D8-83C0-C6258AA8407B}.Debug|x86.ActiveCfg = Debug|Win32
		{3E1F25D3-C861-45D8-83C0-C6258AA8407B}.Debug|x86.Build.0 = Debug|Win32
		{3E1F25D3-C861-45D8-83C0-C6258AA8407B}.Release|x64.ActiveCfg = Release|x64
		{3E1F25D3-C861-45D8-83C0-C6258AA8407B}.Release|x64.Build.0 = Release|x64
		{3E1F25D3-C861-45D8-83C0-C6258AA8407B}.Release|x86.ActiveCfg = Release|Win32
		{3E1F25D3-C861-45D8-83C0-C6258AA8407B}.Release|x86.Build.0 = Release|Win32
	EndGlobalSection
	GlobalSection(SolutionProperties) = preSolution
		HideSolutionNode = FALSE
	EndGlobalSection
	GlobalSection(ExtensibilityGlobals) = postSolution
		SolutionGuid = {BAE04D06-F685-4B13-BF41-414D760FBC32}
	EndGlobalSection
EndGlobal
